
Microsoft Visual Studio Solution File, Format Version 12.00
# Visual Studio Version 17
VisualStudioVersion = 17.5.33516.290
MinimumVisualStudioVersion = 10.0.40219.1
Project("{FAE04EC0-301F-11D3-BF4B-00C04F79EFBC}") = "AppCadastros", "AppCadastros.csproj", "{31E21DC4-6064-4139-9CD7-5334F23DA24C}"
EndProject
Global
	GlobalSection(SolutionConfigurationPlatforms) = preSolution
		Debug|Any CPU = Debug|Any CPU
		Release|Any CPU = Release|Any CPU
	EndGlobalSection
	GlobalSection(ProjectConfigurationPlatforms) = postSolution
		{31E21DC4-6064-4139-9CD7-5334F23DA24C}.Debug|Any CPU.ActiveCfg = Debug|Any CPU
		{31E21DC4-6064-4139-9CD7-5334F23DA24C}.Debug|Any CPU.Build.0 = Debug|Any CPU
		{31E21DC4-6064-4139-9CD7-5334F23DA24C}.Release|Any CPU.ActiveCfg = Release|Any CPU
		{31E21DC4-6064-4139-9CD7-5334F23DA24C}.Release|Any CPU.Build.0 = Release|Any CPU
	EndGlobalSection
	GlobalSection(SolutionProperties) = preSolution
		HideSolutionNode = FALSE
	EndGlobalSection
	GlobalSection(ExtensibilityGlobals) = postSolution
		SolutionGuid = {2557FFAD-78FA-475E-BC05-B877D5D442DE}
	EndGlobalSection
EndGlobal
